// !$*UTF8*$!
{
	archiveVersion = 1;
	classes = {
	};
	objectVersion = 48;
	objects = {

/* Begin PBXBuildFile section */
		330828FF1F99823900A5EB09 /* AppDelegate.m in Sources */ = {isa = PBXBuildFile; fileRef = 330828FE1F99823900A5EB09 /* AppDelegate.m */; };
		330829021F99823900A5EB09 /* ViewController.m in Sources */ = {isa = PBXBuildFile; fileRef = 330829011F99823900A5EB09 /* ViewController.m */; };
		330829051F99823900A5EB09 /* Main.storyboard in Resources */ = {isa = PBXBuildFile; fileRef = 330829031F99823900A5EB09 /* Main.storyboard */; };
		330829071F99823900A5EB09 /* Assets.xcassets in Resources */ = {isa = PBXBuildFile; fileRef = 330829061F99823900A5EB09 /* Assets.xcassets */; };
		3308290A1F99823900A5EB09 /* LaunchScreen.storyboard in Resources */ = {isa = PBXBuildFile; fileRef = 330829081F99823900A5EB09 /* LaunchScreen.storyboard */; };
		3308290D1F99823900A5EB09 /* main.m in Sources */ = {isa = PBXBuildFile; fileRef = 3308290C1F99823900A5EB09 /* main.m */; };
		330829171F99823900A5EB09 /* SubscribePlaybackAppleMusicTests.m in Sources */ = {isa = PBXBuildFile; fileRef = 330829161F99823900A5EB09 /* SubscribePlaybackAppleMusicTests.m */; };
		330829221F99823900A5EB09 /* SubscribePlaybackAppleMusicUITests.m in Sources */ = {isa = PBXBuildFile; fileRef = 330829211F99823900A5EB09 /* SubscribePlaybackAppleMusicUITests.m */; };
/* End PBXBuildFile section */

/* Begin PBXContainerItemProxy section */
		330829131F99823900A5EB09 /* PBXContainerItemProxy */ = {
			isa = PBXContainerItemProxy;
			containerPortal = 330828F21F99823900A5EB09 /* Project object */;
			proxyType = 1;
			remoteGlobalIDString = 330828F91F99823900A5EB09;
			remoteInfo = SubscribePlaybackAppleMusic;
		};
		3308291E1F99823900A5EB09 /* PBXContainerItemProxy */ = {
			isa = PBXContainerItemProxy;
			containerPortal = 330828F21F99823900A5EB09 /* Project object */;
			proxyType = 1;
			remoteGlobalIDString = 330828F91F99823900A5EB09;
			remoteInfo = SubscribePlaybackAppleMusic;
		};
/* End PBXContainerItemProxy section */

/* Begin PBXFileReference section */
		330828FA1F99823900A5EB09 /* SubscribePlaybackAppleMusic.app */ = {isa = PBXFileReference; explicitFileType = wrapper.application; includeInIndex = 0; path = SubscribePlaybackAppleMusic.app; sourceTree = BUILT_PRODUCTS_DIR; };
		330828FD1F99823900A5EB09 /* AppDelegate.h */ = {isa = PBXFileReference; lastKnownFileType = sourcecode.c.h; path = AppDelegate.h; sourceTree = "<group>"; };
		330828FE1F99823900A5EB09 /* AppDelegate.m */ = {isa = PBXFileReference; lastKnownFileType = sourcecode.c.objc; path = AppDelegate.m; sourceTree = "<group>"; };
		330829001F99823900A5EB09 /* ViewController.h */ = {isa = PBXFileReference; lastKnownFileType = sourcecode.c.h; path = ViewController.h; sourceTree = "<group>"; };
		330829011F99823900A5EB09 /* ViewController.m */ = {isa = PBXFileReference; lastKnownFileType = sourcecode.c.objc; path = ViewController.m; sourceTree = "<group>"; };
		330829041F99823900A5EB09 /* Base */ = {isa = PBXFileReference; lastKnownFileType = file.storyboard; name = Base; path = Base.lproj/Main.storyboard; sourceTree = "<group>"; };
		330829061F99823900A5EB09 /* Assets.xcassets */ = {isa = PBXFileReference; lastKnownFileType = folder.assetcatalog; path = Assets.xcassets; sourceTree = "<group>"; };
		330829091F99823900A5EB09 /* Base */ = {isa = PBXFileReference; lastKnownFileType = file.storyboard; name = Base; path = Base.lproj/LaunchScreen.storyboard; sourceTree = "<group>"; };
		3308290B1F99823900A5EB09 /* Info.plist */ = {isa = PBXFileReference; lastKnownFileType = text.plist.xml; path = Info.plist; sourceTree = "<group>"; };
		3308290C1F99823900A5EB09 /* main.m */ = {isa = PBXFileReference; lastKnownFileType = sourcecode.c.objc; path = main.m; sourceTree = "<group>"; };
		330829121F99823900A5EB09 /* SubscribePlaybackAppleMusicTests.xctest */ = {isa = PBXFileReference; explicitFileType = wrapper.cfbundle; includeInIndex = 0; path = SubscribePlaybackAppleMusicTests.xctest; sourceTree = BUILT_PRODUCTS_DIR; };
		330829161F99823900A5EB09 /* SubscribePlaybackAppleMusicTests.m */ = {isa = PBXFileReference; lastKnownFileType = sourcecode.c.objc; path = SubscribePlaybackAppleMusicTests.m; sourceTree = "<group>"; };
		330829181F99823900A5EB09 /* Info.plist */ = {isa = PBXFileReference; lastKnownFileType = text.plist.xml; path = Info.plist; sourceTree = "<group>"; };
		3308291D1F99823900A5EB09 /* SubscribePlaybackAppleMusicUITests.xctest */ = {isa = PBXFileReference; explicitFileType = wrapper.cfbundle; includeInIndex = 0; path = SubscribePlaybackAppleMusicUITests.xctest; sourceTree = BUILT_PRODUCTS_DIR; };
		330829211F99823900A5EB09 /* SubscribePlaybackAppleMusicUITests.m */ = {isa = PBXFileReference; lastKnownFileType = sourcecode.c.objc; path = SubscribePlaybackAppleMusicUITests.m; sourceTree = "<group>"; };
		330829231F99823900A5EB09 /* Info.plist */ = {isa = PBXFileReference; lastKnownFileType = text.plist.xml; path = Info.plist; sourceTree = "<group>"; };
/* End PBXFileReference section */

/* Begin PBXFrameworksBuildPhase section */
		330828F71F99823900A5EB09 /* Frameworks */ = {
			isa = PBXFrameworksBuildPhase;
			buildActionMask = 2147483647;
			files = (
			);
			runOnlyForDeploymentPostprocessing = 0;
		};
		3308290F1F99823900A5EB09 /* Frameworks */ = {
			isa = PBXFrameworksBuildPhase;
			buildActionMask = 2147483647;
			files = (
			);
			runOnlyForDeploymentPostprocessing = 0;
		};
		3308291A1F99823900A5EB09 /* Frameworks */ = {
			isa = PBXFrameworksBuildPhase;
			buildActionMask = 2147483647;
			files = (
			);
			runOnlyForDeploymentPostprocessing = 0;
		};
/* End PBXFrameworksBuildPhase section */

/* Begin PBXGroup section */
		330828F11F99823900A5EB09 = {
			isa = PBXGroup;
			children = (
				330828FC1F99823900A5EB09 /* SubscribePlaybackAppleMusic */,
				330829151F99823900A5EB09 /* SubscribePlaybackAppleMusicTests */,
				330829201F99823900A5EB09 /* SubscribePlaybackAppleMusicUITests */,
				330828FB1F99823900A5EB09 /* Products */,
			);
			sourceTree = "<group>";
		};
		330828FB1F99823900A5EB09 /* Products */ = {
			isa = PBXGroup;
			children = (
				330828FA1F99823900A5EB09 /* SubscribePlaybackAppleMusic.app */,
				330829121F99823900A5EB09 /* SubscribePlaybackAppleMusicTests.xctest */,
				3308291D1F99823900A5EB09 /* SubscribePlaybackAppleMusicUITests.xctest */,
			);
			name = Products;
			sourceTree = "<group>";
		};
		330828FC1F99823900A5EB09 /* SubscribePlaybackAppleMusic */ = {
			isa = PBXGroup;
			children = (
				330828FD1F99823900A5EB09 /* AppDelegate.h */,
				330828FE1F99823900A5EB09 /* AppDelegate.m */,
				330829001F99823900A5EB09 /* ViewController.h */,
				330829011F99823900A5EB09 /* ViewController.m */,
				330829031F99823900A5EB09 /* Main.storyboard */,
				330829061F99823900A5EB09 /* Assets.xcassets */,
				330829081F99823900A5EB09 /* LaunchScreen.storyboard */,
				3308290B1F99823900A5EB09 /* Info.plist */,
				3308290C1F99823900A5EB09 /* main.m */,
			);
			path = SubscribePlaybackAppleMusic;
			sourceTree = "<group>";
		};
		330829151F99823900A5EB09 /* SubscribePlaybackAppleMusicTests */ = {
			isa = PBXGroup;
			children = (
				330829161F99823900A5EB09 /* SubscribePlaybackAppleMusicTests.m */,
				330829181F99823900A5EB09 /* Info.plist */,
			);
			path = SubscribePlaybackAppleMusicTests;
			sourceTree = "<group>";
		};
		330829201F99823900A5EB09 /* SubscribePlaybackAppleMusicUITests */ = {
			isa = PBXGroup;
			children = (
				330829211F99823900A5EB09 /* SubscribePlaybackAppleMusicUITests.m */,
				330829231F99823900A5EB09 /* Info.plist */,
			);
			path = SubscribePlaybackAppleMusicUITests;
			sourceTree = "<group>";
		};
/* End PBXGroup section */

/* Begin PBXNativeTarget section */
		330828F91F99823900A5EB09 /* SubscribePlaybackAppleMusic */ = {
			isa = PBXNativeTarget;
			buildConfigurationList = 330829261F99823900A5EB09 /* Build configuration list for PBXNativeTarget "SubscribePlaybackAppleMusic" */;
			buildPhases = (
				330828F61F99823900A5EB09 /* Sources */,
				330828F71F99823900A5EB09 /* Frameworks */,
				330828F81F99823900A5EB09 /* Resources */,
			);
			buildRules = (
			);
			dependencies = (
			);
			name = SubscribePlaybackAppleMusic;
			productName = SubscribePlaybackAppleMusic;
			productReference = 330828FA1F99823900A5EB09 /* SubscribePlaybackAppleMusic.app */;
			productType = "com.apple.product-type.application";
		};
		330829111F99823900A5EB09 /* SubscribePlaybackAppleMusicTests */ = {
			isa = PBXNativeTarget;
			buildConfigurationList = 330829291F99823900A5EB09 /* Build configuration list for PBXNativeTarget "SubscribePlaybackAppleMusicTests" */;
			buildPhases = (
				3308290E1F99823900A5EB09 /* Sources */,
				3308290F1F99823900A5EB09 /* Frameworks */,
				330829101F99823900A5EB09 /* Resources */,
			);
			buildRules = (
			);
			dependencies = (
				330829141F99823900A5EB09 /* PBXTargetDependency */,
			);
			name = SubscribePlaybackAppleMusicTests;
			productName = SubscribePlaybackAppleMusicTests;
			productReference = 330829121F99823900A5EB09 /* SubscribePlaybackAppleMusicTests.xctest */;
			productType = "com.apple.product-type.bundle.unit-test";
		};
		3308291C1F99823900A5EB09 /* SubscribePlaybackAppleMusicUITests */ = {
			isa = PBXNativeTarget;
			buildConfigurationList = 3308292C1F99823900A5EB09 /* Build configuration list for PBXNativeTarget "SubscribePlaybackAppleMusicUITests" */;
			buildPhases = (
				330829191F99823900A5EB09 /* Sources */,
				3308291A1F99823900A5EB09 /* Frameworks */,
				3308291B1F99823900A5EB09 /* Resources */,
			);
			buildRules = (
			);
			dependencies = (
				3308291F1F99823900A5EB09 /* PBXTargetDependency */,
			);
			name = SubscribePlaybackAppleMusicUITests;
			productName = SubscribePlaybackAppleMusicUITests;
			productReference = 3308291D1F99823900A5EB09 /* SubscribePlaybackAppleMusicUITests.xctest */;
			productType = "com.apple.product-type.bundle.ui-testing";
		};
/* End PBXNativeTarget section */

/* Begin PBXProject section */
		330828F21F99823900A5EB09 /* Project object */ = {
			isa = PBXProject;
			attributes = {
				LastUpgradeCheck = 0900;
				ORGANIZATIONNAME = "Ryan Higgins";
				TargetAttributes = {
					330828F91F99823900A5EB09 = {
						CreatedOnToolsVersion = 9.0;
						ProvisioningStyle = Automatic;
					};
					330829111F99823900A5EB09 = {
						CreatedOnToolsVersion = 9.0;
						ProvisioningStyle = Automatic;
						TestTargetID = 330828F91F99823900A5EB09;
					};
					3308291C1F99823900A5EB09 = {
						CreatedOnToolsVersion = 9.0;
						ProvisioningStyle = Automatic;
						TestTargetID = 330828F91F99823900A5EB09;
					};
				};
			};
			buildConfigurationList = 330828F51F99823900A5EB09 /* Build configuration list for PBXProject "SubscribePlaybackAppleMusic" */;
			compatibilityVersion = "Xcode 8.0";
			developmentRegion = en;
			hasScannedForEncodings = 0;
			knownRegions = (
				en,
				Base,
			);
			mainGroup = 330828F11F99823900A5EB09;
			productRefGroup = 330828FB1F99823900A5EB09 /* Products */;
			projectDirPath = "";
			projectRoot = "";
			targets = (
				330828F91F99823900A5EB09 /* SubscribePlaybackAppleMusic */,
				330829111F99823900A5EB09 /* SubscribePlaybackAppleMusicTests */,
				3308291C1F99823900A5EB09 /* SubscribePlaybackAppleMusicUITests */,
			);
		};
/* End PBXProject section */

/* Begin PBXResourcesBuildPhase section */
		330828F81F99823900A5EB09 /* Resources */ = {
			isa = PBXResourcesBuildPhase;
			buildActionMask = 2147483647;
			files = (
				3308290A1F99823900A5EB09 /* LaunchScreen.storyboard in Resources */,
				330829071F99823900A5EB09 /* Assets.xcassets in Resources */,
				330829051F99823900A5EB09 /* Main.storyboard in Resources */,
			);
			runOnlyForDeploymentPostprocessing = 0;
		};
		330829101F99823900A5EB09 /* Resources */ = {
			isa = PBXResourcesBuildPhase;
			buildActionMask = 2147483647;
			files = (
			);
			runOnlyForDeploymentPostprocessing = 0;
		};
		3308291B1F99823900A5EB09 /* Resources */ = {
			isa = PBXResourcesBuildPhase;
			buildActionMask = 2147483647;
			files = (
			);
			runOnlyForDeploymentPostprocessing = 0;
		};
/* End PBXResourcesBuildPhase section */

/* Begin PBXSourcesBuildPhase section */
		330828F61F99823900A5EB09 /* Sources */ = {
			isa = PBXSourcesBuildPhase;
			buildActionMask = 2147483647;
			files = (
				330829021F99823900A5EB09 /* ViewController.m in Sources */,
				3308290D1F99823900A5EB09 /* main.m in Sources */,
				330828FF1F99823900A5EB09 /* AppDelegate.m in Sources */,
			);
			runOnlyForDeploymentPostprocessing = 0;
		};
		3308290E1F99823900A5EB09 /* Sources */ = {
			isa = PBXSourcesBuildPhase;
			buildActionMask = 2147483647;
			files = (
				330829171F99823900A5EB09 /* SubscribePlaybackAppleMusicTests.m in Sources */,
			);
			runOnlyForDeploymentPostprocessing = 0;
		};
		330829191F99823900A5EB09 /* Sources */ = {
			isa = PBXSourcesBuildPhase;
			buildActionMask = 2147483647;
			files = (
				330829221F99823900A5EB09 /* SubscribePlaybackAppleMusicUITests.m in Sources */,
			);
			runOnlyForDeploymentPostprocessing = 0;
		};
/* End PBXSourcesBuildPhase section */

/* Begin PBXTargetDependency section */
		330829141F99823900A5EB09 /* PBXTargetDependency */ = {
			isa = PBXTargetDependency;
			target = 330828F91F99823900A5EB09 /* SubscribePlaybackAppleMusic */;
			targetProxy = 330829131F99823900A5EB09 /* PBXContainerItemProxy */;
		};
		3308291F1F99823900A5EB09 /* PBXTargetDependency */ = {
			isa = PBXTargetDependency;
			target = 330828F91F99823900A5EB09 /* SubscribePlaybackAppleMusic */;
			targetProxy = 3308291E1F99823900A5EB09 /* PBXContainerItemProxy */;
		};
/* End PBXTargetDependency section */

/* Begin PBXVariantGroup section */
		330829031F99823900A5EB09 /* Main.storyboard */ = {
			isa = PBXVariantGroup;
			children = (
				330829041F99823900A5EB09 /* Base */,
			);
			name = Main.storyboard;
			sourceTree = "<group>";
		};
		330829081F99823900A5EB09 /* LaunchScreen.storyboard */ = {
			isa = PBXVariantGroup;
			children = (
				330829091F99823900A5EB09 /* Base */,
			);
			name = LaunchScreen.storyboard;
			sourceTree = "<group>";
		};
/* End PBXVariantGroup section */

/* Begin XCBuildConfiguration section */
		330829241F99823900A5EB09 /* Debug */ = {
			isa = XCBuildConfiguration;
			buildSettings = {
				ALWAYS_SEARCH_USER_PATHS = NO;
				CLANG_ANALYZER_NONNULL = YES;
				CLANG_ANALYZER_NUMBER_OBJECT_CONVERSION = YES_AGGRESSIVE;
				CLANG_CXX_LANGUAGE_STANDARD = "gnu++14";
				CLANG_CXX_LIBRARY = "libc++";
				CLANG_ENABLE_MODULES = YES;
				CLANG_ENABLE_OBJC_ARC = YES;
				CLANG_WARN_BLOCK_CAPTURE_AUTORELEASING = YES;
				CLANG_WARN_BOOL_CONVERSION = YES;
				CLANG_WARN_COMMA = YES;
				CLANG_WARN_CONSTANT_CONVERSION = YES;
				CLANG_WARN_DIRECT_OBJC_ISA_USAGE = YES_ERROR;
				CLANG_WARN_DOCUMENTATION_COMMENTS = YES;
				CLANG_WARN_EMPTY_BODY = YES;
				CLANG_WARN_ENUM_CONVERSION = YES;
				CLANG_WARN_INFINITE_RECURSION = YES;
				CLANG_WARN_INT_CONVERSION = YES;
				CLANG_WARN_NON_LITERAL_NULL_CONVERSION = YES;
				CLANG_WARN_OBJC_LITERAL_CONVERSION = YES;
				CLANG_WARN_OBJC_ROOT_CLASS = YES_ERROR;
				CLANG_WARN_RANGE_LOOP_ANALYSIS = YES;
				CLANG_WARN_STRICT_PROTOTYPES = YES;
				CLANG_WARN_SUSPICIOUS_MOVE = YES;
				CLANG_WARN_UNGUARDED_AVAILABILITY = YES_AGGRESSIVE;
				CLANG_WARN_UNREACHABLE_CODE = YES;
				CLANG_WARN__DUPLICATE_METHOD_MATCH = YES;
				CODE_SIGN_IDENTITY = "iPhone Developer";
				COPY_PHASE_STRIP = NO;
				DEBUG_INFORMATION_FORMAT = dwarf;
				ENABLE_STRICT_OBJC_MSGSEND = YES;
				ENABLE_TESTABILITY = YES;
				GCC_C_LANGUAGE_STANDARD = gnu11;
				GCC_DYNAMIC_NO_PIC = NO;
				GCC_NO_COMMON_BLOCKS = YES;
				GCC_OPTIMIZATION_LEVEL = 0;
				GCC_PREPROCESSOR_DEFINITIONS = (
					"DEBUG=1",
					"$(inherited)",
				);
				GCC_WARN_64_TO_32_BIT_CONVERSION = YES;
				GCC_WARN_ABOUT_RETURN_TYPE = YES_ERROR;
				GCC_WARN_UNDECLARED_SELECTOR = YES;
				GCC_WARN_UNINITIALIZED_AUTOS = YES_AGGRESSIVE;
				GCC_WARN_UNUSED_FUNCTION = YES;
				GCC_WARN_UNUSED_VARIABLE = YES;
				IPHONEOS_DEPLOYMENT_TARGET = 11.0;
				MTL_ENABLE_DEBUG_INFO = YES;
				ONLY_ACTIVE_ARCH = YES;
				SDKROOT = iphoneos;
			};
			name = Debug;
		};
		330829251F99823900A5EB09 /* Release */ = {
			isa = XCBuildConfiguration;
			buildSettings = {
				ALWAYS_SEARCH_USER_PATHS = NO;
				CLANG_ANALYZER_NONNULL = YES;
				CLANG_ANALYZER_NUMBER_OBJECT_CONVERSION = YES_AGGRESSIVE;
				CLANG_CXX_LANGUAGE_STANDARD = "gnu++14";
				CLANG_CXX_LIBRARY = "libc++";
				CLANG_ENABLE_MODULES = YES;
				CLANG_ENABLE_OBJC_ARC = YES;
				CLANG_WARN_BLOCK_CAPTURE_AUTORELEASING = YES;
				CLANG_WARN_BOOL_CONVERSION = YES;
				CLANG_WARN_COMMA = YES;
				CLANG_WARN_CONSTANT_CONVERSION = YES;
				CLANG_WARN_DIRECT_OBJC_ISA_USAGE = YES_ERROR;
				CLANG_WARN_DOCUMENTATION_COMMENTS = YES;
				CLANG_WARN_EMPTY_BODY = YES;
				CLANG_WARN_ENUM_CONVERSION = YES;
				CLANG_WARN_INFINITE_RECURSION = YES;
				CLANG_WARN_INT_CONVERSION = YES;
				CLANG_WARN_NON_LITERAL_NULL_CONVERSION = YES;
				CLANG_WARN_OBJC_LITERAL_CONVERSION = YES;
				CLANG_WARN_OBJC_ROOT_CLASS = YES_ERROR;
				CLANG_WARN_RANGE_LOOP_ANALYSIS = YES;
				CLANG_WARN_STRICT_PROTOTYPES = YES;
				CLANG_WARN_SUSPICIOUS_MOVE = YES;
				CLANG_WARN_UNGUARDED_AVAILABILITY = YES_AGGRESSIVE;
				CLANG_WARN_UNREACHABLE_CODE = YES;
				CLANG_WARN__DUPLICATE_METHOD_MATCH = YES;
				CODE_SIGN_IDENTITY = "iPhone Developer";
				COPY_PHASE_STRIP = NO;
				DEBUG_INFORMATION_FORMAT = "dwarf-with-dsym";
				ENABLE_NS_ASSERTIONS = NO;
				ENABLE_STRICT_OBJC_MSGSEND = YES;
				GCC_C_LANGUAGE_STANDARD = gnu11;
				GCC_NO_COMMON_BLOCKS = YES;
				GCC_WARN_64_TO_32_BIT_CONVERSION = YES;
				GCC_WARN_ABOUT_RETURN_TYPE = YES_ERROR;
				GCC_WARN_UNDECLARED_SELECTOR = YES;
				GCC_WARN_UNINITIALIZED_AUTOS = YES_AGGRESSIVE;
				GCC_WARN_UNUSED_FUNCTION = YES;
				GCC_WARN_UNUSED_VARIABLE = YES;
				IPHONEOS_DEPLOYMENT_TARGET = 11.0;
				MTL_ENABLE_DEBUG_INFO = NO;
				SDKROOT = iphoneos;
				VALIDATE_PRODUCT = YES;
			};
			name = Release;
		};
		330829271F99823900A5EB09 /* Debug */ = {
			isa = XCBuildConfiguration;
			buildSettings = {
				ASSETCATALOG_COMPILER_APPICON_NAME = AppIcon;
				CODE_SIGN_STYLE = Automatic;
				DEVELOPMENT_TEAM = 2GHB6F334P;
				INFOPLIST_FILE = SubscribePlaybackAppleMusic/Info.plist;
				LD_RUNPATH_SEARCH_PATHS = "$(inherited) @executable_path/Frameworks";
				PRODUCT_BUNDLE_IDENTIFIER = com.higginator.SubscribePlaybackAppleMusic;
				PRODUCT_NAME = "$(TARGET_NAME)";
				TARGETED_DEVICE_FAMILY = "1,2";
			};
			name = Debug;
		};
		330829281F99823900A5EB09 /* Release */ = {
			isa = XCBuildConfiguration;
			buildSettings = {
				ASSETCATALOG_COMPILER_APPICON_NAME = AppIcon;
				CODE_SIGN_STYLE = Automatic;
				DEVELOPMENT_TEAM = 2GHB6F334P;
				INFOPLIST_FILE = SubscribePlaybackAppleMusic/Info.plist;
				LD_RUNPATH_SEARCH_PATHS = "$(inherited) @executable_path/Frameworks";
				PRODUCT_BUNDLE_IDENTIFIER = com.higginator.SubscribePlaybackAppleMusic;
				PRODUCT_NAME = "$(TARGET_NAME)";
				TARGETED_DEVICE_FAMILY = "1,2";
			};
			name = Release;
		};
		3308292A1F99823900A5EB09 /* Debug */ = {
			isa = XCBuildConfiguration;
			buildSettings = {
				BUNDLE_LOADER = "$(TEST_HOST)";
				CODE_SIGN_STYLE = Automatic;
				DEVELOPMENT_TEAM = 2GHB6F334P;
				INFOPLIST_FILE = SubscribePlaybackAppleMusicTests/Info.plist;
				LD_RUNPATH_SEARCH_PATHS = "$(inherited) @executable_path/Frameworks @loader_path/Frameworks";
				PRODUCT_BUNDLE_IDENTIFIER = com.higginator.SubscribePlaybackAppleMusicTests;
				PRODUCT_NAME = "$(TARGET_NAME)";
				TARGETED_DEVICE_FAMILY = "1,2";
				TEST_HOST = "$(BUILT_PRODUCTS_DIR)/SubscribePlaybackAppleMusic.app/SubscribePlaybackAppleMusic";
			};
			name = Debug;
		};
		3308292B1F99823900A5EB09 /* Release */ = {
			isa = XCBuildConfiguration;
			buildSettings = {
				BUNDLE_LOADER = "$(TEST_HOST)";
				CODE_SIGN_STYLE = Automatic;
				DEVELOPMENT_TEAM = 2GHB6F334P;
				INFOPLIST_FILE = SubscribePlaybackAppleMusicTests/Info.plist;
				LD_RUNPATH_SEARCH_PATHS = "$(inherited) @executable_path/Frameworks @loader_path/Frameworks";
				PRODUCT_BUNDLE_IDENTIFIER = com.higginator.SubscribePlaybackAppleMusicTests;
				PRODUCT_NAME = "$(TARGET_NAME)";
				TARGETED_DEVICE_FAMILY = "1,2";
				TEST_HOST = "$(BUILT_PRODUCTS_DIR)/SubscribePlaybackAppleMusic.app/SubscribePlaybackAppleMusic";
			};
			name = Release;
		};
		3308292D1F99823900A5EB09 /* Debug */ = {
			isa = XCBuildConfiguration;
			buildSettings = {
				CODE_SIGN_STYLE = Automatic;
				DEVELOPMENT_TEAM = 2GHB6F334P;
				INFOPLIST_FILE = SubscribePlaybackAppleMusicUITests/Info.plist;
				LD_RUNPATH_SEARCH_PATHS = "$(inherited) @executable_path/Frameworks @loader_path/Frameworks";
				PRODUCT_BUNDLE_IDENTIFIER = com.higginator.SubscribePlaybackAppleMusicUITests;
				PRODUCT_NAME = "$(TARGET_NAME)";
				TARGETED_DEVICE_FAMILY = "1,2";
				TEST_TARGET_NAME = SubscribePlaybackAppleMusic;
			};
			name = Debug;
		};
		3308292E1F99823900A5EB09 /* Release */ = {
			isa = XCBuildConfiguration;
			buildSettings = {
				CODE_SIGN_STYLE = Automatic;
				DEVELOPMENT_TEAM = 2GHB6F334P;
				INFOPLIST_FILE = SubscribePlaybackAppleMusicUITests/Info.plist;
				LD_RUNPATH_SEARCH_PATHS = "$(inherited) @executable_path/Frameworks @loader_path/Frameworks";
				PRODUCT_BUNDLE_IDENTIFIER = com.higginator.SubscribePlaybackAppleMusicUITests;
				PRODUCT_NAME = "$(TARGET_NAME)";
				TARGETED_DEVICE_FAMILY = "1,2";
				TEST_TARGET_NAME = SubscribePlaybackAppleMusic;
			};
			name = Release;
		};
/* End XCBuildConfiguration section */

/* Begin XCConfigurationList section */
		330828F51F99823900A5EB09 /* Build configuration list for PBXProject "SubscribePlaybackAppleMusic" */ = {
			isa = XCConfigurationList;
			buildConfigurations = (
				330829241F99823900A5EB09 /* Debug */,
				330829251F99823900A5EB09 /* Release */,
			);
			defaultConfigurationIsVisible = 0;
			defaultConfigurationName = Release;
		};
		330829261F99823900A5EB09 /* Build configuration list for PBXNativeTarget "SubscribePlaybackAppleMusic" */ = {
			isa = XCConfigurationList;
			buildConfigurations = (
				330829271F99823900A5EB09 /* Debug */,
				330829281F99823900A5EB09 /* Release */,
			);
			defaultConfigurationIsVisible = 0;
			defaultConfigurationName = Release;
		};
		330829291F99823900A5EB09 /* Build configuration list for PBXNativeTarget "SubscribePlaybackAppleMusicTests" */ = {
			isa = XCConfigurationList;
			buildConfigurations = (
				3308292A1F99823900A5EB09 /* Debug */,
				3308292B1F99823900A5EB09 /* Release */,
			);
			defaultConfigurationIsVisible = 0;
			defaultConfigurationName = Release;
		};
		3308292C1F99823900A5EB09 /* Build configuration list for PBXNativeTarget "SubscribePlaybackAppleMusicUITests" */ = {
			isa = XCConfigurationList;
			buildConfigurations = (
				3308292D1F99823900A5EB09 /* Debug */,
				3308292E1F99823900A5EB09 /* Release */,
			);
			defaultConfigurationIsVisible = 0;
			defaultConfigurationName = Release;
		};
/* End XCConfigurationList section */
	};
	rootObject = 330828F21F99823900A5EB09 /* Project object */;
}
